
Microsoft Visual Studio Solution File, Format Version 12.00
# Visual Studio Version 17
VisualStudioVersion = 17.10.34916.146
MinimumVisualStudioVersion = 10.0.40219.1
Project("{FAE04EC0-301F-11D3-BF4B-00C04F79EFBC}") = "CarsAPI", "CarsAPI\CarsAPI.csproj", "{9485EF0E-51CD-4866-90C0-BE087A2E0079}"
EndProject
Global
	GlobalSection(SolutionConfigurationPlatforms) = preSolution
		Debug|Any CPU = Debug|Any CPU
		Release|Any CPU = Release|Any CPU
	EndGlobalSection
	GlobalSection(ProjectConfigurationPlatforms) = postSolution
		{9485EF0E-51CD-4866-90C0-BE087A2E0079}.Debug|Any CPU.ActiveCfg = Debug|Any CPU
		{9485EF0E-51CD-4866-90C0-BE087A2E0079}.Debug|Any CPU.Build.0 = Debug|Any CPU
		{9485EF0E-51CD-4866-90C0-BE087A2E0079}.Release|Any CPU.ActiveCfg = Release|Any CPU
		{9485EF0E-51CD-4866-90C0-BE087A2E0079}.Release|Any CPU.Build.0 = Release|Any CPU
	EndGlobalSection
	GlobalSection(SolutionProperties) = preSolution
		HideSolutionNode = FALSE
	EndGlobalSection
	GlobalSection(ExtensibilityGlobals) = postSolution
		SolutionGuid = {EF29F27D-7FB2-43EB-99A7-931808764603}
	EndGlobalSection
EndGlobal
